
Microsoft Visual Studio Solution File, Format Version 12.00
# Visual Studio 15
VisualStudioVersion = 15.0.26730.12
MinimumVisualStudioVersion = 10.0.40219.1
Project("{FAE04EC0-301F-11D3-BF4B-00C04F79EFBC}") = "Shipwreck.Decompiler", "Shipwreck.Decompiler\Shipwreck.Decompiler.csproj", "{444F5AD6-47BE-4F67-BEE7-636BCCA830EC}"
EndProject
Project("{FAE04EC0-301F-11D3-BF4B-00C04F79EFBC}") = "Shipwreck.Decompiler.Tests", "Shipwreck.Decompiler.Tests\Shipwreck.Decompiler.Tests.csproj", "{31E0827D-B3CD-4CB7-955B-EEB6DD088EFF}"
EndProject
Global
	GlobalSection(SolutionConfigurationPlatforms) = preSolution
		Debug|Any CPU = Debug|Any CPU
		Release|Any CPU = Release|Any CPU
	EndGlobalSection
	GlobalSection(ProjectConfigurationPlatforms) = postSolution
		{444F5AD6-47BE-4F67-BEE7-636BCCA830EC}.Debug|Any CPU.ActiveCfg = Debug|Any CPU
		{444F5AD6-47BE-4F67-BEE7-636BCCA830EC}.Debug|Any CPU.Build.0 = Debug|Any CPU
		{444F5AD6-47BE-4F67-BEE7-636BCCA830EC}.Release|Any CPU.ActiveCfg = Release|Any CPU
		{444F5AD6-47BE-4F67-BEE7-636BCCA830EC}.Release|Any CPU.Build.0 = Release|Any CPU
		{31E0827D-B3CD-4CB7-955B-EEB6DD088EFF}.Debug|Any CPU.ActiveCfg = Debug|Any CPU
		{31E0827D-B3CD-4CB7-955B-EEB6DD088EFF}.Debug|Any CPU.Build.0 = Debug|Any CPU
		{31E0827D-B3CD-4CB7-955B-EEB6DD088EFF}.Release|Any CPU.ActiveCfg = Release|Any CPU
		{31E0827D-B3CD-4CB7-955B-EEB6DD088EFF}.Release|Any CPU.Build.0 = Release|Any CPU
	EndGlobalSection
	GlobalSection(SolutionProperties) = preSolution
		HideSolutionNode = FALSE
	EndGlobalSection
	GlobalSection(ExtensibilityGlobals) = postSolution
		SolutionGuid = {FB15C7D4-7FD1-4520-8C94-51E7F954C5DA}
	EndGlobalSection
EndGlobal
